
Microsoft Visual Studio Solution File, Format Version 12.00
# Visual Studio Version 17
VisualStudioVersion = 17.0.31912.275
MinimumVisualStudioVersion = 10.0.40219.1
Project("{8BC9CEB8-8B4A-11D0-8D11-00A0C91BC942}") = "supermedia", "supermedia.vcxproj", "{4C301D9A-127F-41A1-A99C-0C90B8AA6C40}"
EndProject
Project("{2150E333-8FDC-42A3-9474-1A3956D46DE8}") = "sdl", "sdl", "{8500BF61-49B9-4221-86CE-A75D0069E7E6}"
EndProject
Project("{8BC9CEB8-8B4A-11D0-8D11-00A0C91BC942}") = "sdl_test", "sdl_test\sdl_test.vcxproj", "{592E5602-2B32-4A2D-BD13-A7221883EEDD}"
EndProject
Project("{8BC9CEB8-8B4A-11D0-8D11-00A0C91BC942}") = "sdl_bmp", "sdl_bmp\sdl_bmp.vcxproj", "{2A5ADDB2-48A3-41B2-8F05-C40F5E90B750}"
EndProject
Project("{8BC9CEB8-8B4A-11D0-8D11-00A0C91BC942}") = "sdl_render_test", "sdl_render_test\sdl_render_test.vcxproj", "{3214ED87-C375-4830-BCBE-AD1C89933E81}"
EndProject
Project("{8BC9CEB8-8B4A-11D0-8D11-00A0C91BC942}") = "sdl_render_bmp", "sdl_render_bmp\sdl_render_bmp.vcxproj", "{C8D1E3D2-B3CD-4740-8C9B-F6CBB18781AA}"
EndProject
Project("{8BC9CEB8-8B4A-11D0-8D11-00A0C91BC942}") = "sdl_image", "sdl_image\sdl_image.vcxproj", "{6A07F774-B5DC-4A71-872F-FECD550D26E4}"
EndProject
Project("{8BC9CEB8-8B4A-11D0-8D11-00A0C91BC942}") = "sdl_simple_player", "sdl_simple_player\sdl_simple_player.vcxproj", "{21828670-50EB-468C-8CD1-862218859BC2}"
EndProject
Project("{8BC9CEB8-8B4A-11D0-8D11-00A0C91BC942}") = "sdl_auto_player", "sdl_auto_player\sdl_auto_player.vcxproj", "{58422416-FC54-41DE-9C89-B555A273F32E}"
EndProject
Project("{8BC9CEB8-8B4A-11D0-8D11-00A0C91BC942}") = "sdl_queue_player", "sdl_queue_player\sdl_queue_player.vcxproj", "{576B9E05-7C2C-413B-9BA8-0BC26C44F61A}"
EndProject
Project("{2150E333-8FDC-42A3-9474-1A3956D46DE8}") = "hw", "hw", "{E423E8BA-F4EF-4F9D-B893-87C0DF9A93BF}"
EndProject
Project("{8BC9CEB8-8B4A-11D0-8D11-00A0C91BC942}") = "hw_detect", "hw_detect\hw_detect.vcxproj", "{B2CCEC77-0999-4D8F-8C28-57759000B886}"
EndProject
Project("{8BC9CEB8-8B4A-11D0-8D11-00A0C91BC942}") = "hw_h264_qsv", "hw_h264_qsv\hw_h264_qsv.vcxproj", "{B0062EC7-4730-4A08-BC84-45859B7CC6A6}"
EndProject
Project("{2150E333-8FDC-42A3-9474-1A3956D46DE8}") = "common", "common", "{8370C1A9-D2CD-48E4-9941-F99952D32901}"
EndProject
Project("{8BC9CEB8-8B4A-11D0-8D11-00A0C91BC942}") = "common", "common\common.vcxproj", "{A05ED204-AEA2-4147-A7DB-2DE6C5C759CE}"
EndProject
Global
	GlobalSection(SolutionConfigurationPlatforms) = preSolution
		Debug|x64 = Debug|x64
		Debug|x86 = Debug|x86
		Release|x64 = Release|x64
		Release|x86 = Release|x86
	EndGlobalSection
	GlobalSection(ProjectConfigurationPlatforms) = postSolution
		{4C301D9A-127F-41A1-A99C-0C90B8AA6C40}.Debug|x64.ActiveCfg = Debug|x64
		{4C301D9A-127F-41A1-A99C-0C90B8AA6C40}.Debug|x64.Build.0 = Debug|x64
		{4C301D9A-127F-41A1-A99C-0C90B8AA6C40}.Debug|x86.ActiveCfg = Debug|Win32
		{4C301D9A-127F-41A1-A99C-0C90B8AA6C40}.Debug|x86.Build.0 = Debug|Win32
		{4C301D9A-127F-41A1-A99C-0C90B8AA6C40}.Release|x64.ActiveCfg = Release|x64
		{4C301D9A-127F-41A1-A99C-0C90B8AA6C40}.Release|x64.Build.0 = Release|x64
		{4C301D9A-127F-41A1-A99C-0C90B8AA6C40}.Release|x86.ActiveCfg = Release|Win32
		{4C301D9A-127F-41A1-A99C-0C90B8AA6C40}.Release|x86.Build.0 = Release|Win32
		{592E5602-2B32-4A2D-BD13-A7221883EEDD}.Debug|x64.ActiveCfg = Debug|x64
		{592E5602-2B32-4A2D-BD13-A7221883EEDD}.Debug|x64.Build.0 = Debug|x64
		{592E5602-2B32-4A2D-BD13-A7221883EEDD}.Debug|x86.ActiveCfg = Debug|Win32
		{592E5602-2B32-4A2D-BD13-A7221883EEDD}.Debug|x86.Build.0 = Debug|Win32
		{592E5602-2B32-4A2D-BD13-A7221883EEDD}.Release|x64.ActiveCfg = Release|x64
		{592E5602-2B32-4A2D-BD13-A7221883EEDD}.Release|x64.Build.0 = Release|x64
		{592E5602-2B32-4A2D-BD13-A7221883EEDD}.Release|x86.ActiveCfg = Release|Win32
		{592E5602-2B32-4A2D-BD13-A7221883EEDD}.Release|x86.Build.0 = Release|Win32
		{2A5ADDB2-48A3-41B2-8F05-C40F5E90B750}.Debug|x64.ActiveCfg = Debug|x64
		{2A5ADDB2-48A3-41B2-8F05-C40F5E90B750}.Debug|x64.Build.0 = Debug|x64
		{2A5ADDB2-48A3-41B2-8F05-C40F5E90B750}.Debug|x86.ActiveCfg = Debug|Win32
		{2A5ADDB2-48A3-41B2-8F05-C40F5E90B750}.Debug|x86.Build.0 = Debug|Win32
		{2A5ADDB2-48A3-41B2-8F05-C40F5E90B750}.Release|x64.ActiveCfg = Release|x64
		{2A5ADDB2-48A3-41B2-8F05-C40F5E90B750}.Release|x64.Build.0 = Release|x64
		{2A5ADDB2-48A3-41B2-8F05-C40F5E90B750}.Release|x86.ActiveCfg = Release|Win32
		{2A5ADDB2-48A3-41B2-8F05-C40F5E90B750}.Release|x86.Build.0 = Release|Win32
		{3214ED87-C375-4830-BCBE-AD1C89933E81}.Debug|x64.ActiveCfg = Debug|x64
		{3214ED87-C375-4830-BCBE-AD1C89933E81}.Debug|x64.Build.0 = Debug|x64
		{3214ED87-C375-4830-BCBE-AD1C89933E81}.Debug|x86.ActiveCfg = Debug|Win32
		{3214ED87-C375-4830-BCBE-AD1C89933E81}.Debug|x86.Build.0 = Debug|Win32
		{3214ED87-C375-4830-BCBE-AD1C89933E81}.Release|x64.ActiveCfg = Release|x64
		{3214ED87-C375-4830-BCBE-AD1C89933E81}.Release|x64.Build.0 = Release|x64
		{3214ED87-C375-4830-BCBE-AD1C89933E81}.Release|x86.ActiveCfg = Release|Win32
		{3214ED87-C375-4830-BCBE-AD1C89933E81}.Release|x86.Build.0 = Release|Win32
		{C8D1E3D2-B3CD-4740-8C9B-F6CBB18781AA}.Debug|x64.ActiveCfg = Debug|x64
		{C8D1E3D2-B3CD-4740-8C9B-F6CBB18781AA}.Debug|x64.Build.0 = Debug|x64
		{C8D1E3D2-B3CD-4740-8C9B-F6CBB18781AA}.Debug|x86.ActiveCfg = Debug|Win32
		{C8D1E3D2-B3CD-4740-8C9B-F6CBB18781AA}.Debug|x86.Build.0 = Debug|Win32
		{C8D1E3D2-B3CD-4740-8C9B-F6CBB18781AA}.Release|x64.ActiveCfg = Release|x64
		{C8D1E3D2-B3CD-4740-8C9B-F6CBB18781AA}.Release|x64.Build.0 = Release|x64
		{C8D1E3D2-B3CD-4740-8C9B-F6CBB18781AA}.Release|x86.ActiveCfg = Release|Win32
		{C8D1E3D2-B3CD-4740-8C9B-F6CBB18781AA}.Release|x86.Build.0 = Release|Win32
		{6A07F774-B5DC-4A71-872F-FECD550D26E4}.Debug|x64.ActiveCfg = Debug|x64
		{6A07F774-B5DC-4A71-872F-FECD550D26E4}.Debug|x64.Build.0 = Debug|x64
		{6A07F774-B5DC-4A71-872F-FECD550D26E4}.Debug|x86.ActiveCfg = Debug|Win32
		{6A07F774-B5DC-4A71-872F-FECD550D26E4}.Debug|x86.Build.0 = Debug|Win32
		{6A07F774-B5DC-4A71-872F-FECD550D26E4}.Release|x64.ActiveCfg = Release|x64
		{6A07F774-B5DC-4A71-872F-FECD550D26E4}.Release|x64.Build.0 = Release|x64
		{6A07F774-B5DC-4A71-872F-FECD550D26E4}.Release|x86.ActiveCfg = Release|Win32
		{6A07F774-B5DC-4A71-872F-FECD550D26E4}.Release|x86.Build.0 = Release|Win32
		{21828670-50EB-468C-8CD1-862218859BC2}.Debug|x64.ActiveCfg = Debug|x64
		{21828670-50EB-468C-8CD1-862218859BC2}.Debug|x64.Build.0 = Debug|x64
		{21828670-50EB-468C-8CD1-862218859BC2}.Debug|x86.ActiveCfg = Debug|Win32
		{21828670-50EB-468C-8CD1-862218859BC2}.Debug|x86.Build.0 = Debug|Win32
		{21828670-50EB-468C-8CD1-862218859BC2}.Release|x64.ActiveCfg = Release|x64
		{21828670-50EB-468C-8CD1-862218859BC2}.Release|x64.Build.0 = Release|x64
		{21828670-50EB-468C-8CD1-862218859BC2}.Release|x86.ActiveCfg = Release|Win32
		{21828670-50EB-468C-8CD1-862218859BC2}.Release|x86.Build.0 = Release|Win32
		{58422416-FC54-41DE-9C89-B555A273F32E}.Debug|x64.ActiveCfg = Debug|x64
		{58422416-FC54-41DE-9C89-B555A273F32E}.Debug|x64.Build.0 = Debug|x64
		{58422416-FC54-41DE-9C89-B555A273F32E}.Debug|x86.ActiveCfg = Debug|Win32
		{58422416-FC54-41DE-9C89-B555A273F32E}.Debug|x86.Build.0 = Debug|Win32
		{58422416-FC54-41DE-9C89-B555A273F32E}.Release|x64.ActiveCfg = Release|x64
		{58422416-FC54-41DE-9C89-B555A273F32E}.Release|x64.Build.0 = Release|x64
		{58422416-FC54-41DE-9C89-B555A273F32E}.Release|x86.ActiveCfg = Release|Win32
		{58422416-FC54-41DE-9C89-B555A273F32E}.Release|x86.Build.0 = Release|Win32
		{576B9E05-7C2C-413B-9BA8-0BC26C44F61A}.Debug|x64.ActiveCfg = Debug|x64
		{576B9E05-7C2C-413B-9BA8-0BC26C44F61A}.Debug|x64.Build.0 = Debug|x64
		{576B9E05-7C2C-413B-9BA8-0BC26C44F61A}.Debug|x86.ActiveCfg = Debug|Win32
		{576B9E05-7C2C-413B-9BA8-0BC26C44F61A}.Debug|x86.Build.0 = Debug|Win32
		{576B9E05-7C2C-413B-9BA8-0BC26C44F61A}.Release|x64.ActiveCfg = Release|x64
		{576B9E05-7C2C-413B-9BA8-0BC26C44F61A}.Release|x64.Build.0 = Release|x64
		{576B9E05-7C2C-413B-9BA8-0BC26C44F61A}.Release|x86.ActiveCfg = Release|Win32
		{576B9E05-7C2C-413B-9BA8-0BC26C44F61A}.Release|x86.Build.0 = Release|Win32
		{B2CCEC77-0999-4D8F-8C28-57759000B886}.Debug|x64.ActiveCfg = Debug|x64
		{B2CCEC77-0999-4D8F-8C28-57759000B886}.Debug|x64.Build.0 = Debug|x64
		{B2CCEC77-0999-4D8F-8C28-57759000B886}.Debug|x86.ActiveCfg = Debug|Win32
		{B2CCEC77-0999-4D8F-8C28-57759000B886}.Debug|x86.Build.0 = Debug|Win32
		{B2CCEC77-0999-4D8F-8C28-57759000B886}.Release|x64.ActiveCfg = Release|x64
		{B2CCEC77-0999-4D8F-8C28-57759000B886}.Release|x64.Build.0 = Release|x64
		{B2CCEC77-0999-4D8F-8C28-57759000B886}.Release|x86.ActiveCfg = Release|Win32
		{B2CCEC77-0999-4D8F-8C28-57759000B886}.Release|x86.Build.0 = Release|Win32
		{B0062EC7-4730-4A08-BC84-45859B7CC6A6}.Debug|x64.ActiveCfg = Debug|x64
		{B0062EC7-4730-4A08-BC84-45859B7CC6A6}.Debug|x64.Build.0 = Debug|x64
		{B0062EC7-4730-4A08-BC84-45859B7CC6A6}.Debug|x86.ActiveCfg = Debug|Win32
		{B0062EC7-4730-4A08-BC84-45859B7CC6A6}.Debug|x86.Build.0 = Debug|Win32
		{B0062EC7-4730-4A08-BC84-45859B7CC6A6}.Release|x64.ActiveCfg = Release|x64
		{B0062EC7-4730-4A08-BC84-45859B7CC6A6}.Release|x64.Build.0 = Release|x64
		{B0062EC7-4730-4A08-BC84-45859B7CC6A6}.Release|x86.ActiveCfg = Release|Win32
		{B0062EC7-4730-4A08-BC84-45859B7CC6A6}.Release|x86.Build.0 = Release|Win32
		{A05ED204-AEA2-4147-A7DB-2DE6C5C759CE}.Debug|x64.ActiveCfg = Debug|x64
		{A05ED204-AEA2-4147-A7DB-2DE6C5C759CE}.Debug|x64.Build.0 = Debug|x64
		{A05ED204-AEA2-4147-A7DB-2DE6C5C759CE}.Debug|x86.ActiveCfg = Debug|Win32
		{A05ED204-AEA2-4147-A7DB-2DE6C5C759CE}.Debug|x86.Build.0 = Debug|Win32
		{A05ED204-AEA2-4147-A7DB-2DE6C5C759CE}.Release|x64.ActiveCfg = Release|x64
		{A05ED204-AEA2-4147-A7DB-2DE6C5C759CE}.Release|x64.Build.0 = Release|x64
		{A05ED204-AEA2-4147-A7DB-2DE6C5C759CE}.Release|x86.ActiveCfg = Release|Win32
		{A05ED204-AEA2-4147-A7DB-2DE6C5C759CE}.Release|x86.Build.0 = Release|Win32
	EndGlobalSection
	GlobalSection(SolutionProperties) = preSolution
		HideSolutionNode = FALSE
	EndGlobalSection
	GlobalSection(NestedProjects) = preSolution
		{592E5602-2B32-4A2D-BD13-A7221883EEDD} = {8500BF61-49B9-4221-86CE-A75D0069E7E6}
		{2A5ADDB2-48A3-41B2-8F05-C40F5E90B750} = {8500BF61-49B9-4221-86CE-A75D0069E7E6}
		{3214ED87-C375-4830-BCBE-AD1C89933E81} = {8500BF61-49B9-4221-86CE-A75D0069E7E6}
		{C8D1E3D2-B3CD-4740-8C9B-F6CBB18781AA} = {8500BF61-49B9-4221-86CE-A75D0069E7E6}
		{6A07F774-B5DC-4A71-872F-FECD550D26E4} = {8500BF61-49B9-4221-86CE-A75D0069E7E6}
		{21828670-50EB-468C-8CD1-862218859BC2} = {8500BF61-49B9-4221-86CE-A75D0069E7E6}
		{58422416-FC54-41DE-9C89-B555A273F32E} = {8500BF61-49B9-4221-86CE-A75D0069E7E6}
		{B2CCEC77-0999-4D8F-8C28-57759000B886} = {E423E8BA-F4EF-4F9D-B893-87C0DF9A93BF}
		{B0062EC7-4730-4A08-BC84-45859B7CC6A6} = {E423E8BA-F4EF-4F9D-B893-87C0DF9A93BF}
		{A05ED204-AEA2-4147-A7DB-2DE6C5C759CE} = {8370C1A9-D2CD-48E4-9941-F99952D32901}
	EndGlobalSection
	GlobalSection(ExtensibilityGlobals) = postSolution
		SolutionGuid = {7AE561F9-B6BC-42A4-9A58-D577B757C30B}
	EndGlobalSection
EndGlobal
